
Microsoft Visual Studio Solution File, Format Version 12.00
# Visual Studio Version 16
VisualStudioVersion = 16.0.29001.49
MinimumVisualStudioVersion = 10.0.40219.1
Project("{FAE04EC0-301F-11D3-BF4B-00C04F79EFBC}") = "EjercicioBesibol", "EjercicioBesibol\EjercicioBesibol.csproj", "{0D881846-9DCA-4860-8844-1515493BFBA3}"
EndProject
Global
	GlobalSection(SolutionConfigurationPlatforms) = preSolution
		Debug|Any CPU = Debug|Any CPU
		Release|Any CPU = Release|Any CPU
	EndGlobalSection
	GlobalSection(ProjectConfigurationPlatforms) = postSolution
		{0D881846-9DCA-4860-8844-1515493BFBA3}.Debug|Any CPU.ActiveCfg = Debug|Any CPU
		{0D881846-9DCA-4860-8844-1515493BFBA3}.Debug|Any CPU.Build.0 = Debug|Any CPU
		{0D881846-9DCA-4860-8844-1515493BFBA3}.Release|Any CPU.ActiveCfg = Release|Any CPU
		{0D881846-9DCA-4860-8844-1515493BFBA3}.Release|Any CPU.Build.0 = Release|Any CPU
	EndGlobalSection
	GlobalSection(SolutionProperties) = preSolution
		HideSolutionNode = FALSE
	EndGlobalSection
	GlobalSection(ExtensibilityGlobals) = postSolution
		SolutionGuid = {DC83F93F-2A20-46CE-9596-CB08A623B017}
	EndGlobalSection
EndGlobal
